
Microsoft Visual Studio Solution File, Format Version 12.00
# Visual Studio Version 17
VisualStudioVersion = 17.2.32616.157
MinimumVisualStudioVersion = 10.0.40219.1
Project("{FAE04EC0-301F-11D3-BF4B-00C04F79EFBC}") = "ControleFinanceiro.View", "ControleFinanceiro.View\ControleFinanceiro.View.csproj", "{57E9C47C-8DBF-4B65-B46C-7295383D6A2A}"
EndProject
Project("{FAE04EC0-301F-11D3-BF4B-00C04F79EFBC}") = "ControleFinanceiro.Model", "ControleFinanceiro.Model\ControleFinanceiro.Model.csproj", "{3322F959-C665-45A7-B2C5-025C898B4E5F}"
EndProject
Global
	GlobalSection(SolutionConfigurationPlatforms) = preSolution
		Debug|Any CPU = Debug|Any CPU
		Release|Any CPU = Release|Any CPU
	EndGlobalSection
	GlobalSection(ProjectConfigurationPlatforms) = postSolution
		{57E9C47C-8DBF-4B65-B46C-7295383D6A2A}.Debug|Any CPU.ActiveCfg = Debug|Any CPU
		{57E9C47C-8DBF-4B65-B46C-7295383D6A2A}.Debug|Any CPU.Build.0 = Debug|Any CPU
		{57E9C47C-8DBF-4B65-B46C-7295383D6A2A}.Release|Any CPU.ActiveCfg = Release|Any CPU
		{57E9C47C-8DBF-4B65-B46C-7295383D6A2A}.Release|Any CPU.Build.0 = Release|Any CPU
		{3322F959-C665-45A7-B2C5-025C898B4E5F}.Debug|Any CPU.ActiveCfg = Debug|Any CPU
		{3322F959-C665-45A7-B2C5-025C898B4E5F}.Debug|Any CPU.Build.0 = Debug|Any CPU
		{3322F959-C665-45A7-B2C5-025C898B4E5F}.Release|Any CPU.ActiveCfg = Release|Any CPU
		{3322F959-C665-45A7-B2C5-025C898B4E5F}.Release|Any CPU.Build.0 = Release|Any CPU
	EndGlobalSection
	GlobalSection(SolutionProperties) = preSolution
		HideSolutionNode = FALSE
	EndGlobalSection
	GlobalSection(ExtensibilityGlobals) = postSolution
		SolutionGuid = {4BF97EF0-6336-4201-B8E7-EB90D34F41FF}
	EndGlobalSection
EndGlobal
